{
  "name": "whenhelm",
  "version": "1.0.0",
  "lockfileVersion": 3,
  "requires": true,
  "packages": {
    "": {
      "name": "whenhelm",
      "version": "1.0.0",
      "workspaces": [
        "apps/**",
        "libs/**"
      ]
    },
    "libs/helm-api-client": {
      "version": "1.0.0",
      "license": "ISC"
    },
    "node_modules/helm-api-client": {
      "resolved": "libs/helm-api-client",
      "link": true
    }
  }
}
